
Microsoft Visual Studio Solution File, Format Version 12.00
# Visual Studio 2013
VisualStudioVersion = 12.0.21005.1
MinimumVisualStudioVersion = 10.0.40219.1
Project("{2150E333-8FDC-42A3-9474-1A3956D46DE8}") = "Add Picture Frame", "Add Picture Frame", "{7E3A8CDF-6D51-4A83-9923-49231C6C87A4}"
EndProject
Project("{2150E333-8FDC-42A3-9474-1A3956D46DE8}") = "Add image in Table", "Add image in Table", "{73ABDA26-A527-40DC-81DB-BBB46CB52BDD}"
EndProject
Project("{2150E333-8FDC-42A3-9474-1A3956D46DE8}") = "Add Picture Frame with Animation", "Add Picture Frame with Animation", "{B127A29A-DA44-4186-8092-09A16C70CE5F}"
EndProject
Project("{2150E333-8FDC-42A3-9474-1A3956D46DE8}") = "Add Shape", "Add Shape", "{389AAD25-FAAD-4606-B784-31213F521042}"
EndProject
Project("{2150E333-8FDC-42A3-9474-1A3956D46DE8}") = "Add Table on Slide", "Add Table on Slide", "{15BDE4DB-1C32-4540-AE95-EE373E3CBEA2}"
EndProject
Project("{2150E333-8FDC-42A3-9474-1A3956D46DE8}") = "Add Text Dynamically", "Add Text Dynamically", "{4198333A-FE82-47C6-A0A8-45B55252CE69}"
EndProject
Project("{2150E333-8FDC-42A3-9474-1A3956D46DE8}") = "Create a Chart", "Create a Chart", "{346ECF23-8B2C-411D-9B0A-706E07772240}"
EndProject
Project("{2150E333-8FDC-42A3-9474-1A3956D46DE8}") = "Create a Presentation", "Create a Presentation", "{F5C031A8-9D13-4357-9FB9-E8E61939C68A}"
EndProject
Project("{2150E333-8FDC-42A3-9474-1A3956D46DE8}") = "Create a Table", "Create a Table", "{EDD6D23C-AD59-434E-8A58-77E5AF1C9B3E}"
EndProject
Project("{2150E333-8FDC-42A3-9474-1A3956D46DE8}") = "Create and Embed an Excel Chart", "Create and Embed an Excel Chart", "{5092DEB9-AAED-40DA-B5E9-EAD7344A0E86}"
EndProject
Project("{2150E333-8FDC-42A3-9474-1A3956D46DE8}") = "Find and Replace Text", "Find and Replace Text", "{62E4B87D-0C45-48F8-BA85-D97A24A31E56}"
EndProject
Project("{2150E333-8FDC-42A3-9474-1A3956D46DE8}") = "Format Text", "Format Text", "{9C13DE9F-23A3-4E84-B6A7-5B22CA40EE14}"
EndProject
Project("{2150E333-8FDC-42A3-9474-1A3956D46DE8}") = "Opening a Presentation", "Opening a Presentation", "{69D8943D-074D-4FFE-B80A-6F9585F68BC6}"
EndProject
Project("{2150E333-8FDC-42A3-9474-1A3956D46DE8}") = "Remove Row or Column of table", "Remove Row or Column of table", "{6A6EECC1-697D-481C-9E88-C8E4B219BE21}"
EndProject
Project("{2150E333-8FDC-42A3-9474-1A3956D46DE8}") = "Set Background colour", "Set Background colour", "{F5B319EE-9E1B-4212-AA9B-5DA62A989DBE}"
EndProject
Project("{FAE04EC0-301F-11D3-BF4B-00C04F79EFBC}") = "Aspose.Slides", "Add image in Table\Aspose.Slides\Aspose.Slides.csproj", "{96303086-A03D-4814-A8F4-693974AA4883}"
EndProject
Project("{FAE04EC0-301F-11D3-BF4B-00C04F79EFBC}") = "VSTO Presentation", "Add image in Table\VSTO Presentation\VSTO Presentation.csproj", "{F572F42C-EC1B-4A36-AEDD-330CE15DE13D}"
EndProject
Project("{FAE04EC0-301F-11D3-BF4B-00C04F79EFBC}") = "Aspose.Slides", "Add Picture Frame\Aspose.Slides\Aspose.Slides.csproj", "{2C61FF2B-D84D-4226-9234-BC6804E694DA}"
EndProject
Project("{FAE04EC0-301F-11D3-BF4B-00C04F79EFBC}") = "VSTO Presentations", "Add Picture Frame\VSTO Presentations\VSTO Presentations.csproj", "{5B6B67A2-FF16-4CA9-A776-7102DBB14AC5}"
EndProject
Project("{FAE04EC0-301F-11D3-BF4B-00C04F79EFBC}") = "Aspose.Slides", "Add Shape\Aspose.Slides\Aspose.Slides.csproj", "{4B383BB7-1313-447D-8D04-004DB41890FC}"
EndProject
Project("{FAE04EC0-301F-11D3-BF4B-00C04F79EFBC}") = "VSTO Presentations", "Add Shape\VSTO Presentations\VSTO Presentations.csproj", "{C4D87CFF-7DD9-464B-B28D-5A090C01979F}"
EndProject
Project("{FAE04EC0-301F-11D3-BF4B-00C04F79EFBC}") = "Aspose.Slides", "Add Table on Slide\Aspose.Slides\Aspose.Slides.csproj", "{24D9762C-ADBD-4D6D-A3BA-206AEF877DDB}"
EndProject
Project("{FAE04EC0-301F-11D3-BF4B-00C04F79EFBC}") = "VSTO Presentation", "Add Table on Slide\VSTO Presentation\VSTO Presentation.csproj", "{D915FC92-5BC7-4F3D-B3D6-4555667E4531}"
EndProject
Project("{FAE04EC0-301F-11D3-BF4B-00C04F79EFBC}") = "Aspose Slides", "Add Text Dynamically\Aspose Slides\Aspose Slides.csproj", "{B9842B2C-1783-4917-BFF3-E60F7C704A0B}"
EndProject
Project("{FAE04EC0-301F-11D3-BF4B-00C04F79EFBC}") = "VSTO Slides", "Add Text Dynamically\VSTO Slides\VSTO Slides.csproj", "{F4F21BFD-ED8F-4887-BADB-4BD5A3E5A45C}"
EndProject
Project("{FAE04EC0-301F-11D3-BF4B-00C04F79EFBC}") = "Aspose Slides", "Create a Chart\Aspose Slides\Aspose Slides.csproj", "{7BBA7B1F-23D4-44D3-9047-E54EE7057CCC}"
EndProject
Project("{FAE04EC0-301F-11D3-BF4B-00C04F79EFBC}") = "VSTO Slides", "Create a Chart\VSTO Slides\VSTO Slides.csproj", "{DCF7556F-3EC7-4322-AAF6-DBFD99E00E59}"
EndProject
Project("{FAE04EC0-301F-11D3-BF4B-00C04F79EFBC}") = "Aspose Slides", "Create a Presentation\Aspose Slides\Aspose Slides.csproj", "{50AE111C-6309-4855-8BE3-9774D86D1AE3}"
EndProject
Project("{FAE04EC0-301F-11D3-BF4B-00C04F79EFBC}") = "VSTO Slides", "Create a Presentation\VSTO Slides\VSTO Slides.csproj", "{92AF6022-A120-47BF-8976-C426719350F3}"
EndProject
Project("{FAE04EC0-301F-11D3-BF4B-00C04F79EFBC}") = "Aspose Slides", "Create a Table\Aspose Slides\Aspose Slides.csproj", "{5BA32474-BE5B-4EC0-92C9-4A2439661EC0}"
EndProject
Project("{FAE04EC0-301F-11D3-BF4B-00C04F79EFBC}") = "VSTO Slides", "Create a Table\VSTO Slides\VSTO Slides.csproj", "{69F11761-AE9E-4D0B-99F5-ED6B313DC4AA}"
EndProject
Project("{FAE04EC0-301F-11D3-BF4B-00C04F79EFBC}") = "Aspose Slides", "Create and Embed an Excel Chart\Aspose Slides\Aspose Slides.csproj", "{BC4D3D23-76B6-4CE9-AA22-CD53E63AFA55}"
EndProject
Project("{FAE04EC0-301F-11D3-BF4B-00C04F79EFBC}") = "VSTO Slides", "Create and Embed an Excel Chart\VSTO Slides\VSTO Slides.csproj", "{EAB574F5-032A-4B01-B502-A9DEAC928225}"
EndProject
Project("{FAE04EC0-301F-11D3-BF4B-00C04F79EFBC}") = "Aspose Slides", "Find and Replace Text\Aspose Slides\Aspose Slides.csproj", "{8E01F19F-FA89-4985-8D05-D5FA5A5BC835}"
EndProject
Project("{FAE04EC0-301F-11D3-BF4B-00C04F79EFBC}") = "VSTO Slides", "Find and Replace Text\VSTO Slides\VSTO Slides.csproj", "{252A6715-0014-4F20-A78E-77A03E6DF45C}"
EndProject
Project("{FAE04EC0-301F-11D3-BF4B-00C04F79EFBC}") = "Aspose Slides", "Format Text\Aspose Slides\Aspose Slides.csproj", "{0DEFC93D-C465-4C46-B93C-1B32C8120738}"
EndProject
Project("{FAE04EC0-301F-11D3-BF4B-00C04F79EFBC}") = "VSTO Slides", "Format Text\VSTO Slides\VSTO Slides.csproj", "{CAD8C478-2434-43A9-AE55-F9A5830FDEA8}"
EndProject
Project("{FAE04EC0-301F-11D3-BF4B-00C04F79EFBC}") = "Aspose.Slides", "Opening a Presentation\Aspose.Slides\Aspose.Slides.csproj", "{3844018C-AD70-491D-8C6A-A4DE588281D5}"
EndProject
Project("{FAE04EC0-301F-11D3-BF4B-00C04F79EFBC}") = "VSTO Presentations", "Opening a Presentation\VSTO Presentations\VSTO Presentations.csproj", "{ADA8B593-63C6-48D8-BF75-634B1380430B}"
EndProject
Project("{FAE04EC0-301F-11D3-BF4B-00C04F79EFBC}") = "Aspose.Slides", "Remove Row or Column of table\Aspose.Slides\Aspose.Slides.csproj", "{6E363255-EBC3-4BD1-9770-42A582A0A6F3}"
EndProject
Project("{FAE04EC0-301F-11D3-BF4B-00C04F79EFBC}") = "VSTO Presentation", "Remove Row or Column of table\VSTO Presentation\VSTO Presentation.csproj", "{007A1959-E5A1-45E1-912B-D82EBF175E72}"
EndProject
Project("{FAE04EC0-301F-11D3-BF4B-00C04F79EFBC}") = "Aspose Slides", "Set Background colour\Aspose Slides\Aspose Slides.csproj", "{1BB403F7-797C-4478-9A95-30D2B326FD8F}"
EndProject
Project("{FAE04EC0-301F-11D3-BF4B-00C04F79EFBC}") = "VSTO PowerPoint", "Set Background colour\VSTO PowerPoint\VSTO PowerPoint.csproj", "{D5D814B4-5F74-484A-8005-8D3BD4686FE1}"
EndProject
Project("{FAE04EC0-301F-11D3-BF4B-00C04F79EFBC}") = "Aspose Slides", "Add Picture Frame with Animation\Aspose Slides\Aspose Slides.csproj", "{95A1C864-50E5-4D4A-8B58-50252E11B960}"
EndProject
Project("{FAE04EC0-301F-11D3-BF4B-00C04F79EFBC}") = "VSTO Slides", "Add Picture Frame with Animation\VSTO Slides\VSTO Slides.csproj", "{B9F74741-EA92-4412-A52D-20A95E5208BF}"
EndProject
Global
	GlobalSection(SolutionConfigurationPlatforms) = preSolution
		Debug|Any CPU = Debug|Any CPU
		Release|Any CPU = Release|Any CPU
	EndGlobalSection
	GlobalSection(ProjectConfigurationPlatforms) = postSolution
		{96303086-A03D-4814-A8F4-693974AA4883}.Debug|Any CPU.ActiveCfg = Debug|Any CPU
		{96303086-A03D-4814-A8F4-693974AA4883}.Debug|Any CPU.Build.0 = Debug|Any CPU
		{96303086-A03D-4814-A8F4-693974AA4883}.Release|Any CPU.ActiveCfg = Release|Any CPU
		{96303086-A03D-4814-A8F4-693974AA4883}.Release|Any CPU.Build.0 = Release|Any CPU
		{F572F42C-EC1B-4A36-AEDD-330CE15DE13D}.Debug|Any CPU.ActiveCfg = Debug|Any CPU
		{F572F42C-EC1B-4A36-AEDD-330CE15DE13D}.Debug|Any CPU.Build.0 = Debug|Any CPU
		{F572F42C-EC1B-4A36-AEDD-330CE15DE13D}.Release|Any CPU.ActiveCfg = Release|Any CPU
		{F572F42C-EC1B-4A36-AEDD-330CE15DE13D}.Release|Any CPU.Build.0 = Release|Any CPU
		{2C61FF2B-D84D-4226-9234-BC6804E694DA}.Debug|Any CPU.ActiveCfg = Debug|Any CPU
		{2C61FF2B-D84D-4226-9234-BC6804E694DA}.Debug|Any CPU.Build.0 = Debug|Any CPU
		{2C61FF2B-D84D-4226-9234-BC6804E694DA}.Release|Any CPU.ActiveCfg = Release|Any CPU
		{2C61FF2B-D84D-4226-9234-BC6804E694DA}.Release|Any CPU.Build.0 = Release|Any CPU
		{5B6B67A2-FF16-4CA9-A776-7102DBB14AC5}.Debug|Any CPU.ActiveCfg = Debug|Any CPU
		{5B6B67A2-FF16-4CA9-A776-7102DBB14AC5}.Debug|Any CPU.Build.0 = Debug|Any CPU
		{5B6B67A2-FF16-4CA9-A776-7102DBB14AC5}.Release|Any CPU.ActiveCfg = Release|Any CPU
		{5B6B67A2-FF16-4CA9-A776-7102DBB14AC5}.Release|Any CPU.Build.0 = Release|Any CPU
		{4B383BB7-1313-447D-8D04-004DB41890FC}.Debug|Any CPU.ActiveCfg = Debug|Any CPU
		{4B383BB7-1313-447D-8D04-004DB41890FC}.Debug|Any CPU.Build.0 = Debug|Any CPU
		{4B383BB7-1313-447D-8D04-004DB41890FC}.Release|Any CPU.ActiveCfg = Release|Any CPU
		{4B383BB7-1313-447D-8D04-004DB41890FC}.Release|Any CPU.Build.0 = Release|Any CPU
		{C4D87CFF-7DD9-464B-B28D-5A090C01979F}.Debug|Any CPU.ActiveCfg = Debug|Any CPU
		{C4D87CFF-7DD9-464B-B28D-5A090C01979F}.Debug|Any CPU.Build.0 = Debug|Any CPU
		{C4D87CFF-7DD9-464B-B28D-5A090C01979F}.Release|Any CPU.ActiveCfg = Release|Any CPU
		{C4D87CFF-7DD9-464B-B28D-5A090C01979F}.Release|Any CPU.Build.0 = Release|Any CPU
		{24D9762C-ADBD-4D6D-A3BA-206AEF877DDB}.Debug|Any CPU.ActiveCfg = Debug|Any CPU
		{24D9762C-ADBD-4D6D-A3BA-206AEF877DDB}.Debug|Any CPU.Build.0 = Debug|Any CPU
		{24D9762C-ADBD-4D6D-A3BA-206AEF877DDB}.Release|Any CPU.ActiveCfg = Release|Any CPU
		{24D9762C-ADBD-4D6D-A3BA-206AEF877DDB}.Release|Any CPU.Build.0 = Release|Any CPU
		{D915FC92-5BC7-4F3D-B3D6-4555667E4531}.Debug|Any CPU.ActiveCfg = Debug|Any CPU
		{D915FC92-5BC7-4F3D-B3D6-4555667E4531}.Debug|Any CPU.Build.0 = Debug|Any CPU
		{D915FC92-5BC7-4F3D-B3D6-4555667E4531}.Release|Any CPU.ActiveCfg = Release|Any CPU
		{D915FC92-5BC7-4F3D-B3D6-4555667E4531}.Release|Any CPU.Build.0 = Release|Any CPU
		{B9842B2C-1783-4917-BFF3-E60F7C704A0B}.Debug|Any CPU.ActiveCfg = Debug|Any CPU
		{B9842B2C-1783-4917-BFF3-E60F7C704A0B}.Debug|Any CPU.Build.0 = Debug|Any CPU
		{B9842B2C-1783-4917-BFF3-E60F7C704A0B}.Release|Any CPU.ActiveCfg = Release|Any CPU
		{B9842B2C-1783-4917-BFF3-E60F7C704A0B}.Release|Any CPU.Build.0 = Release|Any CPU
		{F4F21BFD-ED8F-4887-BADB-4BD5A3E5A45C}.Debug|Any CPU.ActiveCfg = Debug|Any CPU
		{F4F21BFD-ED8F-4887-BADB-4BD5A3E5A45C}.Debug|Any CPU.Build.0 = Debug|Any CPU
		{F4F21BFD-ED8F-4887-BADB-4BD5A3E5A45C}.Release|Any CPU.ActiveCfg = Release|Any CPU
		{F4F21BFD-ED8F-4887-BADB-4BD5A3E5A45C}.Release|Any CPU.Build.0 = Release|Any CPU
		{7BBA7B1F-23D4-44D3-9047-E54EE7057CCC}.Debug|Any CPU.ActiveCfg = Debug|Any CPU
		{7BBA7B1F-23D4-44D3-9047-E54EE7057CCC}.Debug|Any CPU.Build.0 = Debug|Any CPU
		{7BBA7B1F-23D4-44D3-9047-E54EE7057CCC}.Release|Any CPU.ActiveCfg = Release|Any CPU
		{7BBA7B1F-23D4-44D3-9047-E54EE7057CCC}.Release|Any CPU.Build.0 = Release|Any CPU
		{DCF7556F-3EC7-4322-AAF6-DBFD99E00E59}.Debug|Any CPU.ActiveCfg = Debug|Any CPU
		{DCF7556F-3EC7-4322-AAF6-DBFD99E00E59}.Debug|Any CPU.Build.0 = Debug|Any CPU
		{DCF7556F-3EC7-4322-AAF6-DBFD99E00E59}.Release|Any CPU.ActiveCfg = Release|Any CPU
		{DCF7556F-3EC7-4322-AAF6-DBFD99E00E59}.Release|Any CPU.Build.0 = Release|Any CPU
		{50AE111C-6309-4855-8BE3-9774D86D1AE3}.Debug|Any CPU.ActiveCfg = Debug|Any CPU
		{50AE111C-6309-4855-8BE3-9774D86D1AE3}.Debug|Any CPU.Build.0 = Debug|Any CPU
		{50AE111C-6309-4855-8BE3-9774D86D1AE3}.Release|Any CPU.ActiveCfg = Release|Any CPU
		{50AE111C-6309-4855-8BE3-9774D86D1AE3}.Release|Any CPU.Build.0 = Release|Any CPU
		{92AF6022-A120-47BF-8976-C426719350F3}.Debug|Any CPU.ActiveCfg = Debug|Any CPU
		{92AF6022-A120-47BF-8976-C426719350F3}.Debug|Any CPU.Build.0 = Debug|Any CPU
		{92AF6022-A120-47BF-8976-C426719350F3}.Release|Any CPU.ActiveCfg = Release|Any CPU
		{92AF6022-A120-47BF-8976-C426719350F3}.Release|Any CPU.Build.0 = Release|Any CPU
		{5BA32474-BE5B-4EC0-92C9-4A2439661EC0}.Debug|Any CPU.ActiveCfg = Debug|Any CPU
		{5BA32474-BE5B-4EC0-92C9-4A2439661EC0}.Debug|Any CPU.Build.0 = Debug|Any CPU
		{5BA32474-BE5B-4EC0-92C9-4A2439661EC0}.Release|Any CPU.ActiveCfg = Release|Any CPU
		{5BA32474-BE5B-4EC0-92C9-4A2439661EC0}.Release|Any CPU.Build.0 = Release|Any CPU
		{69F11761-AE9E-4D0B-99F5-ED6B313DC4AA}.Debug|Any CPU.ActiveCfg = Debug|Any CPU
		{69F11761-AE9E-4D0B-99F5-ED6B313DC4AA}.Debug|Any CPU.Build.0 = Debug|Any CPU
		{69F11761-AE9E-4D0B-99F5-ED6B313DC4AA}.Release|Any CPU.ActiveCfg = Release|Any CPU
		{69F11761-AE9E-4D0B-99F5-ED6B313DC4AA}.Release|Any CPU.Build.0 = Release|Any CPU
		{BC4D3D23-76B6-4CE9-AA22-CD53E63AFA55}.Debug|Any CPU.ActiveCfg = Debug|Any CPU
		{BC4D3D23-76B6-4CE9-AA22-CD53E63AFA55}.Debug|Any CPU.Build.0 = Debug|Any CPU
		{BC4D3D23-76B6-4CE9-AA22-CD53E63AFA55}.Release|Any CPU.ActiveCfg = Release|Any CPU
		{BC4D3D23-76B6-4CE9-AA22-CD53E63AFA55}.Release|Any CPU.Build.0 = Release|Any CPU
		{EAB574F5-032A-4B01-B502-A9DEAC928225}.Debug|Any CPU.ActiveCfg = Debug|Any CPU
		{EAB574F5-032A-4B01-B502-A9DEAC928225}.Debug|Any CPU.Build.0 = Debug|Any CPU
		{EAB574F5-032A-4B01-B502-A9DEAC928225}.Release|Any CPU.ActiveCfg = Release|Any CPU
		{EAB574F5-032A-4B01-B502-A9DEAC928225}.Release|Any CPU.Build.0 = Release|Any CPU
		{8E01F19F-FA89-4985-8D05-D5FA5A5BC835}.Debug|Any CPU.ActiveCfg = Debug|Any CPU
		{8E01F19F-FA89-4985-8D05-D5FA5A5BC835}.Debug|Any CPU.Build.0 = Debug|Any CPU
		{8E01F19F-FA89-4985-8D05-D5FA5A5BC835}.Release|Any CPU.ActiveCfg = Release|Any CPU
		{8E01F19F-FA89-4985-8D05-D5FA5A5BC835}.Release|Any CPU.Build.0 = Release|Any CPU
		{252A6715-0014-4F20-A78E-77A03E6DF45C}.Debug|Any CPU.ActiveCfg = Debug|Any CPU
		{252A6715-0014-4F20-A78E-77A03E6DF45C}.Debug|Any CPU.Build.0 = Debug|Any CPU
		{252A6715-0014-4F20-A78E-77A03E6DF45C}.Release|Any CPU.ActiveCfg = Release|Any CPU
		{252A6715-0014-4F20-A78E-77A03E6DF45C}.Release|Any CPU.Build.0 = Release|Any CPU
		{0DEFC93D-C465-4C46-B93C-1B32C8120738}.Debug|Any CPU.ActiveCfg = Debug|Any CPU
		{0DEFC93D-C465-4C46-B93C-1B32C8120738}.Debug|Any CPU.Build.0 = Debug|Any CPU
		{0DEFC93D-C465-4C46-B93C-1B32C8120738}.Release|Any CPU.ActiveCfg = Release|Any CPU
		{0DEFC93D-C465-4C46-B93C-1B32C8120738}.Release|Any CPU.Build.0 = Release|Any CPU
		{CAD8C478-2434-43A9-AE55-F9A5830FDEA8}.Debug|Any CPU.ActiveCfg = Debug|Any CPU
		{CAD8C478-2434-43A9-AE55-F9A5830FDEA8}.Debug|Any CPU.Build.0 = Debug|Any CPU
		{CAD8C478-2434-43A9-AE55-F9A5830FDEA8}.Release|Any CPU.ActiveCfg = Release|Any CPU
		{CAD8C478-2434-43A9-AE55-F9A5830FDEA8}.Release|Any CPU.Build.0 = Release|Any CPU
		{3844018C-AD70-491D-8C6A-A4DE588281D5}.Debug|Any CPU.ActiveCfg = Debug|Any CPU
		{3844018C-AD70-491D-8C6A-A4DE588281D5}.Debug|Any CPU.Build.0 = Debug|Any CPU
		{3844018C-AD70-491D-8C6A-A4DE588281D5}.Release|Any CPU.ActiveCfg = Release|Any CPU
		{3844018C-AD70-491D-8C6A-A4DE588281D5}.Release|Any CPU.Build.0 = Release|Any CPU
		{ADA8B593-63C6-48D8-BF75-634B1380430B}.Debug|Any CPU.ActiveCfg = Debug|Any CPU
		{ADA8B593-63C6-48D8-BF75-634B1380430B}.Debug|Any CPU.Build.0 = Debug|Any CPU
		{ADA8B593-63C6-48D8-BF75-634B1380430B}.Release|Any CPU.ActiveCfg = Release|Any CPU
		{ADA8B593-63C6-48D8-BF75-634B1380430B}.Release|Any CPU.Build.0 = Release|Any CPU
		{6E363255-EBC3-4BD1-9770-42A582A0A6F3}.Debug|Any CPU.ActiveCfg = Debug|Any CPU
		{6E363255-EBC3-4BD1-9770-42A582A0A6F3}.Debug|Any CPU.Build.0 = Debug|Any CPU
		{6E363255-EBC3-4BD1-9770-42A582A0A6F3}.Release|Any CPU.ActiveCfg = Release|Any CPU
		{6E363255-EBC3-4BD1-9770-42A582A0A6F3}.Release|Any CPU.Build.0 = Release|Any CPU
		{007A1959-E5A1-45E1-912B-D82EBF175E72}.Debug|Any CPU.ActiveCfg = Debug|Any CPU
		{007A1959-E5A1-45E1-912B-D82EBF175E72}.Debug|Any CPU.Build.0 = Debug|Any CPU
		{007A1959-E5A1-45E1-912B-D82EBF175E72}.Release|Any CPU.ActiveCfg = Release|Any CPU
		{007A1959-E5A1-45E1-912B-D82EBF175E72}.Release|Any CPU.Build.0 = Release|Any CPU
		{1BB403F7-797C-4478-9A95-30D2B326FD8F}.Debug|Any CPU.ActiveCfg = Debug|Any CPU
		{1BB403F7-797C-4478-9A95-30D2B326FD8F}.Debug|Any CPU.Build.0 = Debug|Any CPU
		{1BB403F7-797C-4478-9A95-30D2B326FD8F}.Release|Any CPU.ActiveCfg = Release|Any CPU
		{1BB403F7-797C-4478-9A95-30D2B326FD8F}.Release|Any CPU.Build.0 = Release|Any CPU
		{D5D814B4-5F74-484A-8005-8D3BD4686FE1}.Debug|Any CPU.ActiveCfg = Debug|Any CPU
		{D5D814B4-5F74-484A-8005-8D3BD4686FE1}.Debug|Any CPU.Build.0 = Debug|Any CPU
		{D5D814B4-5F74-484A-8005-8D3BD4686FE1}.Release|Any CPU.ActiveCfg = Release|Any CPU
		{D5D814B4-5F74-484A-8005-8D3BD4686FE1}.Release|Any CPU.Build.0 = Release|Any CPU
		{95A1C864-50E5-4D4A-8B58-50252E11B960}.Debug|Any CPU.ActiveCfg = Debug|Any CPU
		{95A1C864-50E5-4D4A-8B58-50252E11B960}.Debug|Any CPU.Build.0 = Debug|Any CPU
		{95A1C864-50E5-4D4A-8B58-50252E11B960}.Release|Any CPU.ActiveCfg = Release|Any CPU
		{95A1C864-50E5-4D4A-8B58-50252E11B960}.Release|Any CPU.Build.0 = Release|Any CPU
		{B9F74741-EA92-4412-A52D-20A95E5208BF}.Debug|Any CPU.ActiveCfg = Debug|Any CPU
		{B9F74741-EA92-4412-A52D-20A95E5208BF}.Debug|Any CPU.Build.0 = Debug|Any CPU
		{B9F74741-EA92-4412-A52D-20A95E5208BF}.Release|Any CPU.ActiveCfg = Release|Any CPU
		{B9F74741-EA92-4412-A52D-20A95E5208BF}.Release|Any CPU.Build.0 = Release|Any CPU
	EndGlobalSection
	GlobalSection(SolutionProperties) = preSolution
		HideSolutionNode = FALSE
	EndGlobalSection
	GlobalSection(NestedProjects) = preSolution
		{2C61FF2B-D84D-4226-9234-BC6804E694DA} = {7E3A8CDF-6D51-4A83-9923-49231C6C87A4}
		{5B6B67A2-FF16-4CA9-A776-7102DBB14AC5} = {7E3A8CDF-6D51-4A83-9923-49231C6C87A4}
		{96303086-A03D-4814-A8F4-693974AA4883} = {73ABDA26-A527-40DC-81DB-BBB46CB52BDD}
		{F572F42C-EC1B-4A36-AEDD-330CE15DE13D} = {73ABDA26-A527-40DC-81DB-BBB46CB52BDD}
		{95A1C864-50E5-4D4A-8B58-50252E11B960} = {B127A29A-DA44-4186-8092-09A16C70CE5F}
		{B9F74741-EA92-4412-A52D-20A95E5208BF} = {B127A29A-DA44-4186-8092-09A16C70CE5F}
		{4B383BB7-1313-447D-8D04-004DB41890FC} = {389AAD25-FAAD-4606-B784-31213F521042}
		{C4D87CFF-7DD9-464B-B28D-5A090C01979F} = {389AAD25-FAAD-4606-B784-31213F521042}
		{24D9762C-ADBD-4D6D-A3BA-206AEF877DDB} = {15BDE4DB-1C32-4540-AE95-EE373E3CBEA2}
		{D915FC92-5BC7-4F3D-B3D6-4555667E4531} = {15BDE4DB-1C32-4540-AE95-EE373E3CBEA2}
		{B9842B2C-1783-4917-BFF3-E60F7C704A0B} = {4198333A-FE82-47C6-A0A8-45B55252CE69}
		{F4F21BFD-ED8F-4887-BADB-4BD5A3E5A45C} = {4198333A-FE82-47C6-A0A8-45B55252CE69}
		{7BBA7B1F-23D4-44D3-9047-E54EE7057CCC} = {346ECF23-8B2C-411D-9B0A-706E07772240}
		{DCF7556F-3EC7-4322-AAF6-DBFD99E00E59} = {346ECF23-8B2C-411D-9B0A-706E07772240}
		{50AE111C-6309-4855-8BE3-9774D86D1AE3} = {F5C031A8-9D13-4357-9FB9-E8E61939C68A}
		{92AF6022-A120-47BF-8976-C426719350F3} = {F5C031A8-9D13-4357-9FB9-E8E61939C68A}
		{5BA32474-BE5B-4EC0-92C9-4A2439661EC0} = {EDD6D23C-AD59-434E-8A58-77E5AF1C9B3E}
		{69F11761-AE9E-4D0B-99F5-ED6B313DC4AA} = {EDD6D23C-AD59-434E-8A58-77E5AF1C9B3E}
		{BC4D3D23-76B6-4CE9-AA22-CD53E63AFA55} = {5092DEB9-AAED-40DA-B5E9-EAD7344A0E86}
		{EAB574F5-032A-4B01-B502-A9DEAC928225} = {5092DEB9-AAED-40DA-B5E9-EAD7344A0E86}
		{8E01F19F-FA89-4985-8D05-D5FA5A5BC835} = {62E4B87D-0C45-48F8-BA85-D97A24A31E56}
		{252A6715-0014-4F20-A78E-77A03E6DF45C} = {62E4B87D-0C45-48F8-BA85-D97A24A31E56}
		{0DEFC93D-C465-4C46-B93C-1B32C8120738} = {9C13DE9F-23A3-4E84-B6A7-5B22CA40EE14}
		{CAD8C478-2434-43A9-AE55-F9A5830FDEA8} = {9C13DE9F-23A3-4E84-B6A7-5B22CA40EE14}
		{3844018C-AD70-491D-8C6A-A4DE588281D5} = {69D8943D-074D-4FFE-B80A-6F9585F68BC6}
		{ADA8B593-63C6-48D8-BF75-634B1380430B} = {69D8943D-074D-4FFE-B80A-6F9585F68BC6}
		{6E363255-EBC3-4BD1-9770-42A582A0A6F3} = {6A6EECC1-697D-481C-9E88-C8E4B219BE21}
		{007A1959-E5A1-45E1-912B-D82EBF175E72} = {6A6EECC1-697D-481C-9E88-C8E4B219BE21}
		{1BB403F7-797C-4478-9A95-30D2B326FD8F} = {F5B319EE-9E1B-4212-AA9B-5DA62A989DBE}
		{D5D814B4-5F74-484A-8005-8D3BD4686FE1} = {F5B319EE-9E1B-4212-AA9B-5DA62A989DBE}
	EndGlobalSection
EndGlobal
